
Microsoft Visual Studio Solution File, Format Version 12.00
# Visual Studio Version 17
VisualStudioVersion = 17.5.33530.505
MinimumVisualStudioVersion = 10.0.40219.1
Project("{FAE04EC0-301F-11D3-BF4B-00C04F79EFBC}") = "Backend", "Backend\Backend.csproj", "{AFB79407-FD2F-4DA8-AC09-5C367C7915CF}"
EndProject
Project("{FAE04EC0-301F-11D3-BF4B-00C04F79EFBC}") = "Backend.Tests", "Backend.Tests\Backend.Tests.csproj", "{E0218122-EC25-4E53-AAFA-14C3FE156671}"
EndProject
Global
	GlobalSection(SolutionConfigurationPlatforms) = preSolution
		Debug|Any CPU = Debug|Any CPU
		Release|Any CPU = Release|Any CPU
	EndGlobalSection
	GlobalSection(ProjectConfigurationPlatforms) = postSolution
		{AFB79407-FD2F-4DA8-AC09-5C367C7915CF}.Debug|Any CPU.ActiveCfg = Debug|Any CPU
		{AFB79407-FD2F-4DA8-AC09-5C367C7915CF}.Debug|Any CPU.Build.0 = Debug|Any CPU
		{AFB79407-FD2F-4DA8-AC09-5C367C7915CF}.Release|Any CPU.ActiveCfg = Release|Any CPU
		{AFB79407-FD2F-4DA8-AC09-5C367C7915CF}.Release|Any CPU.Build.0 = Release|Any CPU
		{E0218122-EC25-4E53-AAFA-14C3FE156671}.Debug|Any CPU.ActiveCfg = Debug|Any CPU
		{E0218122-EC25-4E53-AAFA-14C3FE156671}.Debug|Any CPU.Build.0 = Debug|Any CPU
		{E0218122-EC25-4E53-AAFA-14C3FE156671}.Release|Any CPU.ActiveCfg = Release|Any CPU
		{E0218122-EC25-4E53-AAFA-14C3FE156671}.Release|Any CPU.Build.0 = Release|Any CPU
	EndGlobalSection
	GlobalSection(SolutionProperties) = preSolution
		HideSolutionNode = FALSE
	EndGlobalSection
	GlobalSection(ExtensibilityGlobals) = postSolution
		SolutionGuid = {17B08841-2422-4C87-A564-C6E0B11B36F3}
	EndGlobalSection
EndGlobal
